
Microsoft Visual Studio Solution File, Format Version 11.00
# Visual C# Express 2010
Project("{FAE04EC0-301F-11D3-BF4B-00C04F79EFBC}") = "Projektni zadatak", "Projektni zadatak\Projektni zadatak.csproj", "{E02E1719-2E7F-4E78-B3CC-CF8F1A4DC669}"
EndProject
Global
	GlobalSection(SolutionConfigurationPlatforms) = preSolution
		Debug|x86 = Debug|x86
		Release|x86 = Release|x86
	EndGlobalSection
	GlobalSection(ProjectConfigurationPlatforms) = postSolution
		{E02E1719-2E7F-4E78-B3CC-CF8F1A4DC669}.Debug|x86.ActiveCfg = Debug|x86
		{E02E1719-2E7F-4E78-B3CC-CF8F1A4DC669}.Debug|x86.Build.0 = Debug|x86
		{E02E1719-2E7F-4E78-B3CC-CF8F1A4DC669}.Release|x86.ActiveCfg = Release|x86
		{E02E1719-2E7F-4E78-B3CC-CF8F1A4DC669}.Release|x86.Build.0 = Release|x86
	EndGlobalSection
	GlobalSection(SolutionProperties) = preSolution
		HideSolutionNode = FALSE
	EndGlobalSection
EndGlobal
